
Microsoft Visual Studio Solution File, Format Version 12.00
# Visual Studio Version 16
VisualStudioVersion = 16.0.31205.134
MinimumVisualStudioVersion = 10.0.40219.1
Project("{2150E333-8FDC-42A3-9474-1A3956D46DE8}") = "src", "src", "{66AE0067-8BBF-49B5-AA2B-9ABED6DD822D}"
EndProject
Project("{2150E333-8FDC-42A3-9474-1A3956D46DE8}") = "building-blocks", "building-blocks", "{94456B68-5B08-4F32-9948-074A86F5D93D}"
EndProject
Project("{2150E333-8FDC-42A3-9474-1A3956D46DE8}") = "services", "services", "{8D9AAEE5-8176-4055-94A0-C30F6586C7EA}"
EndProject
Project("{2150E333-8FDC-42A3-9474-1A3956D46DE8}") = "web", "web", "{97196116-080B-41F1-83D4-FF946C3C3F8E}"
EndProject
Project("{2150E333-8FDC-42A3-9474-1A3956D46DE8}") = "identidade", "identidade", "{EB4B455C-01EE-4755-A122-FFC259838531}"
EndProject
Project("{9A19103F-16F7-4668-BE54-9A1E7A4F7556}") = "SE.Identidade.API", "src\services\SE.Identidade.API\SE.Identidade.API.csproj", "{3258B438-951E-4C69-A1ED-8CC6259AB0BD}"
EndProject
Project("{2150E333-8FDC-42A3-9474-1A3956D46DE8}") = "MVC", "MVC", "{13C9A279-5663-4461-8509-81BF05F8C401}"
EndProject
Project("{FAE04EC0-301F-11D3-BF4B-00C04F79EFBC}") = "SE.WebApp.MVC", "src\web\SE.WebApp.MVC\SE.WebApp.MVC.csproj", "{54CFFF65-F937-4A6B-B035-42EC939749CC}"
EndProject
Project("{2150E333-8FDC-42A3-9474-1A3956D46DE8}") = "core", "core", "{924B9F3C-B711-4F60-A32B-4E288378DA7E}"
EndProject
Project("{FAE04EC0-301F-11D3-BF4B-00C04F79EFBC}") = "SE.Core", "src\building-blocks\SE.Core\SE.Core.csproj", "{5E9BF16E-A3A7-45CA-9FDD-AA802C551250}"
EndProject
Project("{2150E333-8FDC-42A3-9474-1A3956D46DE8}") = "carrinho", "carrinho", "{F0DC609E-9B33-4B32-9965-31FF4CCB193B}"
EndProject
Project("{FAE04EC0-301F-11D3-BF4B-00C04F79EFBC}") = "SE.Carrinho.API", "src\services\SE.Carrinho.API\SE.Carrinho.API.csproj", "{79300ABE-90AD-44CF-BB09-C89D5B7961CD}"
EndProject
Project("{2150E333-8FDC-42A3-9474-1A3956D46DE8}") = "catalogo", "catalogo", "{F7C78F3A-9A77-4E0F-A354-493EB76B3A15}"
EndProject
Project("{FAE04EC0-301F-11D3-BF4B-00C04F79EFBC}") = "SE.Catalogo.API", "src\services\SE.Catalogo.API\SE.Catalogo.API.csproj", "{94CBF562-488C-4A64-AB17-058FB4940D9D}"
EndProject
Project("{2150E333-8FDC-42A3-9474-1A3956D46DE8}") = "cliente", "cliente", "{901E5B4B-6AA0-41BC-8798-1802331E342C}"
EndProject
Project("{FAE04EC0-301F-11D3-BF4B-00C04F79EFBC}") = "SE.Cliente.API", "src\services\SE.Cliente.API\SE.Cliente.API.csproj", "{1BE8428A-1E17-432C-A48B-2A4B858F6409}"
EndProject
Project("{2150E333-8FDC-42A3-9474-1A3956D46DE8}") = "pagamento", "pagamento", "{6E6BBF13-688E-4472-BCE4-BE0461D271A6}"
EndProject
Project("{FAE04EC0-301F-11D3-BF4B-00C04F79EFBC}") = "SE.Pagamento.API", "src\services\SE.Pagamento.API\SE.Pagamento.API.csproj", "{C487830B-B430-4E11-BDF5-35F86D29D03F}"
EndProject
Project("{2150E333-8FDC-42A3-9474-1A3956D46DE8}") = "pedido", "pedido", "{BF033173-BEF5-4D50-94BB-458BBB5C0C8C}"
EndProject
Project("{FAE04EC0-301F-11D3-BF4B-00C04F79EFBC}") = "SE.Pedido.API", "src\services\SE.Pedido.API\SE.Pedido.API.csproj", "{F7D96912-6610-4CB3-A0F1-C8536FF1D0FF}"
EndProject
Global
	GlobalSection(SolutionConfigurationPlatforms) = preSolution
		Debug|Any CPU = Debug|Any CPU
		Release|Any CPU = Release|Any CPU
	EndGlobalSection
	GlobalSection(ProjectConfigurationPlatforms) = postSolution
		{3258B438-951E-4C69-A1ED-8CC6259AB0BD}.Debug|Any CPU.ActiveCfg = Debug|Any CPU
		{3258B438-951E-4C69-A1ED-8CC6259AB0BD}.Debug|Any CPU.Build.0 = Debug|Any CPU
		{3258B438-951E-4C69-A1ED-8CC6259AB0BD}.Release|Any CPU.ActiveCfg = Release|Any CPU
		{3258B438-951E-4C69-A1ED-8CC6259AB0BD}.Release|Any CPU.Build.0 = Release|Any CPU
		{54CFFF65-F937-4A6B-B035-42EC939749CC}.Debug|Any CPU.ActiveCfg = Debug|Any CPU
		{54CFFF65-F937-4A6B-B035-42EC939749CC}.Debug|Any CPU.Build.0 = Debug|Any CPU
		{54CFFF65-F937-4A6B-B035-42EC939749CC}.Release|Any CPU.ActiveCfg = Release|Any CPU
		{54CFFF65-F937-4A6B-B035-42EC939749CC}.Release|Any CPU.Build.0 = Release|Any CPU
		{5E9BF16E-A3A7-45CA-9FDD-AA802C551250}.Debug|Any CPU.ActiveCfg = Debug|Any CPU
		{5E9BF16E-A3A7-45CA-9FDD-AA802C551250}.Debug|Any CPU.Build.0 = Debug|Any CPU
		{5E9BF16E-A3A7-45CA-9FDD-AA802C551250}.Release|Any CPU.ActiveCfg = Release|Any CPU
		{5E9BF16E-A3A7-45CA-9FDD-AA802C551250}.Release|Any CPU.Build.0 = Release|Any CPU
		{79300ABE-90AD-44CF-BB09-C89D5B7961CD}.Debug|Any CPU.ActiveCfg = Debug|Any CPU
		{79300ABE-90AD-44CF-BB09-C89D5B7961CD}.Debug|Any CPU.Build.0 = Debug|Any CPU
		{79300ABE-90AD-44CF-BB09-C89D5B7961CD}.Release|Any CPU.ActiveCfg = Release|Any CPU
		{79300ABE-90AD-44CF-BB09-C89D5B7961CD}.Release|Any CPU.Build.0 = Release|Any CPU
		{94CBF562-488C-4A64-AB17-058FB4940D9D}.Debug|Any CPU.ActiveCfg = Debug|Any CPU
		{94CBF562-488C-4A64-AB17-058FB4940D9D}.Debug|Any CPU.Build.0 = Debug|Any CPU
		{94CBF562-488C-4A64-AB17-058FB4940D9D}.Release|Any CPU.ActiveCfg = Release|Any CPU
		{94CBF562-488C-4A64-AB17-058FB4940D9D}.Release|Any CPU.Build.0 = Release|Any CPU
		{1BE8428A-1E17-432C-A48B-2A4B858F6409}.Debug|Any CPU.ActiveCfg = Debug|Any CPU
		{1BE8428A-1E17-432C-A48B-2A4B858F6409}.Debug|Any CPU.Build.0 = Debug|Any CPU
		{1BE8428A-1E17-432C-A48B-2A4B858F6409}.Release|Any CPU.ActiveCfg = Release|Any CPU
		{1BE8428A-1E17-432C-A48B-2A4B858F6409}.Release|Any CPU.Build.0 = Release|Any CPU
		{C487830B-B430-4E11-BDF5-35F86D29D03F}.Debug|Any CPU.ActiveCfg = Debug|Any CPU
		{C487830B-B430-4E11-BDF5-35F86D29D03F}.Debug|Any CPU.Build.0 = Debug|Any CPU
		{C487830B-B430-4E11-BDF5-35F86D29D03F}.Release|Any CPU.ActiveCfg = Release|Any CPU
		{C487830B-B430-4E11-BDF5-35F86D29D03F}.Release|Any CPU.Build.0 = Release|Any CPU
		{F7D96912-6610-4CB3-A0F1-C8536FF1D0FF}.Debug|Any CPU.ActiveCfg = Debug|Any CPU
		{F7D96912-6610-4CB3-A0F1-C8536FF1D0FF}.Debug|Any CPU.Build.0 = Debug|Any CPU
		{F7D96912-6610-4CB3-A0F1-C8536FF1D0FF}.Release|Any CPU.ActiveCfg = Release|Any CPU
		{F7D96912-6610-4CB3-A0F1-C8536FF1D0FF}.Release|Any CPU.Build.0 = Release|Any CPU
	EndGlobalSection
	GlobalSection(SolutionProperties) = preSolution
		HideSolutionNode = FALSE
	EndGlobalSection
	GlobalSection(NestedProjects) = preSolution
		{94456B68-5B08-4F32-9948-074A86F5D93D} = {66AE0067-8BBF-49B5-AA2B-9ABED6DD822D}
		{8D9AAEE5-8176-4055-94A0-C30F6586C7EA} = {66AE0067-8BBF-49B5-AA2B-9ABED6DD822D}
		{97196116-080B-41F1-83D4-FF946C3C3F8E} = {66AE0067-8BBF-49B5-AA2B-9ABED6DD822D}
		{EB4B455C-01EE-4755-A122-FFC259838531} = {8D9AAEE5-8176-4055-94A0-C30F6586C7EA}
		{3258B438-951E-4C69-A1ED-8CC6259AB0BD} = {EB4B455C-01EE-4755-A122-FFC259838531}
		{13C9A279-5663-4461-8509-81BF05F8C401} = {97196116-080B-41F1-83D4-FF946C3C3F8E}
		{54CFFF65-F937-4A6B-B035-42EC939749CC} = {13C9A279-5663-4461-8509-81BF05F8C401}
		{924B9F3C-B711-4F60-A32B-4E288378DA7E} = {94456B68-5B08-4F32-9948-074A86F5D93D}
		{5E9BF16E-A3A7-45CA-9FDD-AA802C551250} = {924B9F3C-B711-4F60-A32B-4E288378DA7E}
		{F0DC609E-9B33-4B32-9965-31FF4CCB193B} = {8D9AAEE5-8176-4055-94A0-C30F6586C7EA}
		{79300ABE-90AD-44CF-BB09-C89D5B7961CD} = {F0DC609E-9B33-4B32-9965-31FF4CCB193B}
		{F7C78F3A-9A77-4E0F-A354-493EB76B3A15} = {8D9AAEE5-8176-4055-94A0-C30F6586C7EA}
		{94CBF562-488C-4A64-AB17-058FB4940D9D} = {F7C78F3A-9A77-4E0F-A354-493EB76B3A15}
		{901E5B4B-6AA0-41BC-8798-1802331E342C} = {8D9AAEE5-8176-4055-94A0-C30F6586C7EA}
		{1BE8428A-1E17-432C-A48B-2A4B858F6409} = {901E5B4B-6AA0-41BC-8798-1802331E342C}
		{6E6BBF13-688E-4472-BCE4-BE0461D271A6} = {8D9AAEE5-8176-4055-94A0-C30F6586C7EA}
		{C487830B-B430-4E11-BDF5-35F86D29D03F} = {6E6BBF13-688E-4472-BCE4-BE0461D271A6}
		{BF033173-BEF5-4D50-94BB-458BBB5C0C8C} = {8D9AAEE5-8176-4055-94A0-C30F6586C7EA}
		{F7D96912-6610-4CB3-A0F1-C8536FF1D0FF} = {BF033173-BEF5-4D50-94BB-458BBB5C0C8C}
	EndGlobalSection
	GlobalSection(ExtensibilityGlobals) = postSolution
		SolutionGuid = {9B0FA186-0A48-48A7-99BD-B75ED210B177}
	EndGlobalSection
EndGlobal
